
Microsoft Visual Studio Solution File, Format Version 12.00
# Visual Studio 15
VisualStudioVersion = 15.0.26020.0
MinimumVisualStudioVersion = 10.0.40219.1
Project("{FAE04EC0-301F-11D3-BF4B-00C04F79EFBC}") = "HueClient", "HueClient\HueClient.csproj", "{581127E0-1ABF-4262-990D-3469EB1EBB8D}"
EndProject
Global
	GlobalSection(SolutionConfigurationPlatforms) = preSolution
		Debug|Any CPU = Debug|Any CPU
		Release|Any CPU = Release|Any CPU
	EndGlobalSection
	GlobalSection(ProjectConfigurationPlatforms) = postSolution
		{581127E0-1ABF-4262-990D-3469EB1EBB8D}.Debug|Any CPU.ActiveCfg = Debug|Any CPU
		{581127E0-1ABF-4262-990D-3469EB1EBB8D}.Debug|Any CPU.Build.0 = Debug|Any CPU
		{581127E0-1ABF-4262-990D-3469EB1EBB8D}.Release|Any CPU.ActiveCfg = Release|Any CPU
		{581127E0-1ABF-4262-990D-3469EB1EBB8D}.Release|Any CPU.Build.0 = Release|Any CPU
	EndGlobalSection
	GlobalSection(SolutionProperties) = preSolution
		HideSolutionNode = FALSE
	EndGlobalSection
EndGlobal
